
Microsoft Visual Studio Solution File, Format Version 12.00
# Visual Studio Version 17
VisualStudioVersion = 17.8.34330.188
MinimumVisualStudioVersion = 10.0.40219.1
Project("{FAE04EC0-301F-11D3-BF4B-00C04F79EFBC}") = "AC4_M3UF5", "AC4_M3UF5\AC4_M3UF5.csproj", "{94E1CF04-0E87-44C2-AF35-C3BC54387517}"
EndProject
Global
	GlobalSection(SolutionConfigurationPlatforms) = preSolution
		Debug|Any CPU = Debug|Any CPU
		Release|Any CPU = Release|Any CPU
	EndGlobalSection
	GlobalSection(ProjectConfigurationPlatforms) = postSolution
		{94E1CF04-0E87-44C2-AF35-C3BC54387517}.Debug|Any CPU.ActiveCfg = Debug|Any CPU
		{94E1CF04-0E87-44C2-AF35-C3BC54387517}.Debug|Any CPU.Build.0 = Debug|Any CPU
		{94E1CF04-0E87-44C2-AF35-C3BC54387517}.Release|Any CPU.ActiveCfg = Release|Any CPU
		{94E1CF04-0E87-44C2-AF35-C3BC54387517}.Release|Any CPU.Build.0 = Release|Any CPU
	EndGlobalSection
	GlobalSection(SolutionProperties) = preSolution
		HideSolutionNode = FALSE
	EndGlobalSection
	GlobalSection(ExtensibilityGlobals) = postSolution
		SolutionGuid = {515BFC33-49E0-4771-988B-B907B30ED9D5}
	EndGlobalSection
EndGlobal
